
Microsoft Visual Studio Solution File, Format Version 12.00
# Visual Studio Version 17
VisualStudioVersion = 17.3.32825.248
MinimumVisualStudioVersion = 10.0.40219.1
Project("{FAE04EC0-301F-11D3-BF4B-00C04F79EFBC}") = "WebApp", "WebApp\WebApp.csproj", "{4ADEEB14-C8CC-423A-9DDC-EDB8101B5504}"
EndProject
Project("{FAE04EC0-301F-11D3-BF4B-00C04F79EFBC}") = "UnitTests", "UnitTests\UnitTests.csproj", "{B3F37B29-B179-4C66-BA5E-64B75B755D03}"
EndProject
Global
	GlobalSection(SolutionConfigurationPlatforms) = preSolution
		Debug|Any CPU = Debug|Any CPU
		Release|Any CPU = Release|Any CPU
	EndGlobalSection
	GlobalSection(ProjectConfigurationPlatforms) = postSolution
		{4ADEEB14-C8CC-423A-9DDC-EDB8101B5504}.Debug|Any CPU.ActiveCfg = Debug|Any CPU
		{4ADEEB14-C8CC-423A-9DDC-EDB8101B5504}.Debug|Any CPU.Build.0 = Debug|Any CPU
		{4ADEEB14-C8CC-423A-9DDC-EDB8101B5504}.Release|Any CPU.ActiveCfg = Release|Any CPU
		{4ADEEB14-C8CC-423A-9DDC-EDB8101B5504}.Release|Any CPU.Build.0 = Release|Any CPU
		{B3F37B29-B179-4C66-BA5E-64B75B755D03}.Debug|Any CPU.ActiveCfg = Debug|Any CPU
		{B3F37B29-B179-4C66-BA5E-64B75B755D03}.Debug|Any CPU.Build.0 = Debug|Any CPU
		{B3F37B29-B179-4C66-BA5E-64B75B755D03}.Release|Any CPU.ActiveCfg = Release|Any CPU
		{B3F37B29-B179-4C66-BA5E-64B75B755D03}.Release|Any CPU.Build.0 = Release|Any CPU
	EndGlobalSection
	GlobalSection(SolutionProperties) = preSolution
		HideSolutionNode = FALSE
	EndGlobalSection
	GlobalSection(ExtensibilityGlobals) = postSolution
		SolutionGuid = {8315D8B8-5611-4068-B9CB-D79F88BA9174}
	EndGlobalSection
EndGlobal
